
Microsoft Visual Studio Solution File, Format Version 12.00
# Visual Studio Version 17
VisualStudioVersion = 17.7.34031.279
MinimumVisualStudioVersion = 10.0.40219.1
Project("{8BC9CEB8-8B4A-11D0-8D11-00A0C91BC942}") = "Protogen X", "Protogen X.vcxproj", "{9FF59222-B9D4-407A-81F0-EDB1571B19B1}"
EndProject
Global
	GlobalSection(SolutionConfigurationPlatforms) = preSolution
		Debug|x64 = Debug|x64
		Debug|x86 = Debug|x86
		Release|x64 = Release|x64
		Release|x86 = Release|x86
	EndGlobalSection
	GlobalSection(ProjectConfigurationPlatforms) = postSolution
		{9FF59222-B9D4-407A-81F0-EDB1571B19B1}.Debug|x64.ActiveCfg = Debug|x64
		{9FF59222-B9D4-407A-81F0-EDB1571B19B1}.Debug|x64.Build.0 = Debug|x64
		{9FF59222-B9D4-407A-81F0-EDB1571B19B1}.Debug|x86.ActiveCfg = Debug|Win32
		{9FF59222-B9D4-407A-81F0-EDB1571B19B1}.Debug|x86.Build.0 = Debug|Win32
		{9FF59222-B9D4-407A-81F0-EDB1571B19B1}.Release|x64.ActiveCfg = Release|x64
		{9FF59222-B9D4-407A-81F0-EDB1571B19B1}.Release|x64.Build.0 = Release|x64
		{9FF59222-B9D4-407A-81F0-EDB1571B19B1}.Release|x86.ActiveCfg = Release|Win32
		{9FF59222-B9D4-407A-81F0-EDB1571B19B1}.Release|x86.Build.0 = Release|Win32
	EndGlobalSection
	GlobalSection(SolutionProperties) = preSolution
		HideSolutionNode = FALSE
	EndGlobalSection
	GlobalSection(ExtensibilityGlobals) = postSolution
		SolutionGuid = {6428852B-4BA2-4FAA-BFD1-7CFFD7F1837D}
	EndGlobalSection
EndGlobal
